
Microsoft Visual Studio Solution File, Format Version 12.00
# Visual Studio 15
VisualStudioVersion = 15.0.26124.0
MinimumVisualStudioVersion = 15.0.26124.0
Project("{2150E333-8FDC-42A3-9474-1A3956D46DE8}") = "src", "src", "{83E0F01C-52EC-472F-8BC8-21CABD32D3F1}"
EndProject
Project("{FAE04EC0-301F-11D3-BF4B-00C04F79EFBC}") = "ValidaSenha.Api", "src\ValidaSenha.Api\ValidaSenha.Api.csproj", "{D274DE37-A4F8-4B74-8BA3-8303BE410E38}"
EndProject
Project("{2150E333-8FDC-42A3-9474-1A3956D46DE8}") = "test", "test", "{F17F5862-BEAF-4315-94BA-1FA53CE2CE20}"
EndProject
Project("{FAE04EC0-301F-11D3-BF4B-00C04F79EFBC}") = "ValidaSenha.Api.UnitTest", "test\ValidaSenha.Api.Test.UnitTest\ValidaSenha.Api.UnitTest.csproj", "{05EA5000-5AB2-4A55-BF46-18E67F56613E}"
EndProject
Global
	GlobalSection(SolutionConfigurationPlatforms) = preSolution
		Debug|Any CPU = Debug|Any CPU
		Debug|x64 = Debug|x64
		Debug|x86 = Debug|x86
		Release|Any CPU = Release|Any CPU
		Release|x64 = Release|x64
		Release|x86 = Release|x86
	EndGlobalSection
	GlobalSection(SolutionProperties) = preSolution
		HideSolutionNode = FALSE
	EndGlobalSection
	GlobalSection(ProjectConfigurationPlatforms) = postSolution
		{D274DE37-A4F8-4B74-8BA3-8303BE410E38}.Debug|Any CPU.ActiveCfg = Debug|Any CPU
		{D274DE37-A4F8-4B74-8BA3-8303BE410E38}.Debug|Any CPU.Build.0 = Debug|Any CPU
		{D274DE37-A4F8-4B74-8BA3-8303BE410E38}.Debug|x64.ActiveCfg = Debug|Any CPU
		{D274DE37-A4F8-4B74-8BA3-8303BE410E38}.Debug|x64.Build.0 = Debug|Any CPU
		{D274DE37-A4F8-4B74-8BA3-8303BE410E38}.Debug|x86.ActiveCfg = Debug|Any CPU
		{D274DE37-A4F8-4B74-8BA3-8303BE410E38}.Debug|x86.Build.0 = Debug|Any CPU
		{D274DE37-A4F8-4B74-8BA3-8303BE410E38}.Release|Any CPU.ActiveCfg = Release|Any CPU
		{D274DE37-A4F8-4B74-8BA3-8303BE410E38}.Release|Any CPU.Build.0 = Release|Any CPU
		{D274DE37-A4F8-4B74-8BA3-8303BE410E38}.Release|x64.ActiveCfg = Release|Any CPU
		{D274DE37-A4F8-4B74-8BA3-8303BE410E38}.Release|x64.Build.0 = Release|Any CPU
		{D274DE37-A4F8-4B74-8BA3-8303BE410E38}.Release|x86.ActiveCfg = Release|Any CPU
		{D274DE37-A4F8-4B74-8BA3-8303BE410E38}.Release|x86.Build.0 = Release|Any CPU
		{05EA5000-5AB2-4A55-BF46-18E67F56613E}.Debug|Any CPU.ActiveCfg = Debug|Any CPU
		{05EA5000-5AB2-4A55-BF46-18E67F56613E}.Debug|Any CPU.Build.0 = Debug|Any CPU
		{05EA5000-5AB2-4A55-BF46-18E67F56613E}.Debug|x64.ActiveCfg = Debug|Any CPU
		{05EA5000-5AB2-4A55-BF46-18E67F56613E}.Debug|x64.Build.0 = Debug|Any CPU
		{05EA5000-5AB2-4A55-BF46-18E67F56613E}.Debug|x86.ActiveCfg = Debug|Any CPU
		{05EA5000-5AB2-4A55-BF46-18E67F56613E}.Debug|x86.Build.0 = Debug|Any CPU
		{05EA5000-5AB2-4A55-BF46-18E67F56613E}.Release|Any CPU.ActiveCfg = Release|Any CPU
		{05EA5000-5AB2-4A55-BF46-18E67F56613E}.Release|Any CPU.Build.0 = Release|Any CPU
		{05EA5000-5AB2-4A55-BF46-18E67F56613E}.Release|x64.ActiveCfg = Release|Any CPU
		{05EA5000-5AB2-4A55-BF46-18E67F56613E}.Release|x64.Build.0 = Release|Any CPU
		{05EA5000-5AB2-4A55-BF46-18E67F56613E}.Release|x86.ActiveCfg = Release|Any CPU
		{05EA5000-5AB2-4A55-BF46-18E67F56613E}.Release|x86.Build.0 = Release|Any CPU
	EndGlobalSection
	GlobalSection(NestedProjects) = preSolution
		{D274DE37-A4F8-4B74-8BA3-8303BE410E38} = {83E0F01C-52EC-472F-8BC8-21CABD32D3F1}
		{05EA5000-5AB2-4A55-BF46-18E67F56613E} = {F17F5862-BEAF-4315-94BA-1FA53CE2CE20}
	EndGlobalSection
EndGlobal
